PODS:
  - ACPAnalytics (2.1.2):
    - ACPAnalytics/iOS (= 2.1.2)
    - ACPCore (>= 2.1.1)
  - ACPAnalytics/iOS (2.1.2):
    - ACPCore (>= 2.1.1)
  - ACPCore (2.3.6):
    - ACPCore/iOS (= 2.3.6)
  - ACPCore/iOS (2.3.6)
  - AppsFlyerAdobeExtension (1.0.9):
    - ACPCore
    - AppsFlyerFramework (~> 4.11.0)
  - AppsFlyerFramework (4.11.2)

DEPENDENCIES:
  - ACPAnalytics (= 2.1.2)
  - ACPCore (~> 2.3.2)
  - AppsFlyerAdobeExtension (from `../`)

SPEC REPOS:
  https://github.com/cocoapods/specs.git:
    - ACPAnalytics
    - ACPCore
    - AppsFlyerFramework

EXTERNAL SOURCES:
  AppsFlyerAdobeExtension:
    :path: "../"

SPEC CHECKSUMS:
  ACPAnalytics: 872c4701bd53b508602ce1e31cf5e7cee295f690
  ACPCore: 1d3a5b79f172de3d998cf63b5c1538da1dd66f33
  AppsFlyerAdobeExtension: df44dc72210e31225eb680244228215e209fd9ce
  AppsFlyerFramework: bd3f62ce804f0cf01bc1dcbe69b212d386048674

PODFILE CHECKSUM: 1f415047c5e71b7daf25fdc88dbee7f4780801ff

COCOAPODS: 1.5.3
